Microsoft Visual Studio Solution File, Format Version 12.00
# Visual Studio Version 16
VisualStudioVersion = 16.0.34114.132
MinimumVisualStudioVersion = 10.0.40219.1
Project("{8BC9CEB8-8B4A-11D0-8D11-00A0C91BC942}") = "Doomeroids", "Doomeroids.vcxproj", "{6C66881C-D2CF-40C7-9A24-73D291253774}"
EndProject
Project("{54435603-DBB4-11D2-8724-00A0C9A8B90C}") = "DoomeroidsSetup", "..\Installer\Installer.vdproj", "{44E9D7F2-D01E-4D47-ACE3-57DC57B32529}"
EndProject
Project("{8BC9CEB8-8B4A-11D0-8D11-00A0C91BC942}") = "DPak", "..\DPak\DPak.vcxproj", "{8D4343E5-A182-4CB1-A2C4-8034C96688E3}"
EndProject
Project("{8BC9CEB8-8B4A-11D0-8D11-00A0C91BC942}") = "Map Editor", "..\Map Editor\Map Editor.vcxproj", "{D344342B-D1D2-4F92-B021-7B902E07811C}"
EndProject
Global
	GlobalSection(SolutionConfigurationPlatforms) = preSolution
		Debug DLL|Win32 = Debug DLL|Win32
		Debug DLL|x64 = Debug DLL|x64
		Debug DLL|x86 = Debug DLL|x86
		Debug|Win32 = Debug|Win32
		Debug|x64 = Debug|x64
		Debug|x86 = Debug|x86
		Final|Win32 = Final|Win32
		Final|x64 = Final|x64
		Final|x86 = Final|x86
		Release|Win32 = Release|Win32
		Release|x64 = Release|x64
		Release|x86 = Release|x86
		x64|Win32 = x64|Win32
		x64|x64 = x64|x64
		x64|x86 = x64|x86
	EndGlobalSection
	GlobalSection(ProjectConfigurationPlatforms) = postSolution
		{6C66881C-D2CF-40C7-9A24-73D291253774}.Debug DLL|Win32.ActiveCfg = Debug DLL|Win32
		{6C66881C-D2CF-40C7-9A24-73D291253774}.Debug DLL|Win32.Build.0 = Debug DLL|Win32
		{6C66881C-D2CF-40C7-9A24-73D291253774}.Debug DLL|x64.ActiveCfg = Debug DLL|x64
		{6C66881C-D2CF-40C7-9A24-73D291253774}.Debug DLL|x64.Build.0 = Debug DLL|x64
		{6C66881C-D2CF-40C7-9A24-73D291253774}.Debug DLL|x86.ActiveCfg = Debug DLL|Win32
		{6C66881C-D2CF-40C7-9A24-73D291253774}.Debug DLL|x86.Build.0 = Debug DLL|Win32
		{6C66881C-D2CF-40C7-9A24-73D291253774}.Debug|Win32.ActiveCfg = Debug|Win32
		{6C66881C-D2CF-40C7-9A24-73D291253774}.Debug|Win32.Build.0 = Debug|Win32
		{6C66881C-D2CF-40C7-9A24-73D291253774}.Debug|x64.ActiveCfg = Debug|x64
		{6C66881C-D2CF-40C7-9A24-73D291253774}.Debug|x64.Build.0 = Debug|x64
		{6C66881C-D2CF-40C7-9A24-73D291253774}.Debug|x86.ActiveCfg = Debug|Win32
		{6C66881C-D2CF-40C7-9A24-73D291253774}.Debug|x86.Build.0 = Debug|Win32
		{6C66881C-D2CF-40C7-9A24-73D291253774}.Final|Win32.ActiveCfg = Final|Win32
		{6C66881C-D2CF-40C7-9A24-73D291253774}.Final|Win32.Build.0 = Final|Win32
		{6C66881C-D2CF-40C7-9A24-73D291253774}.Final|x64.ActiveCfg = Final|x64
		{6C66881C-D2CF-40C7-9A24-73D291253774}.Final|x64.Build.0 = Final|x64
		{6C66881C-D2CF-40C7-9A24-73D291253774}.Final|x86.ActiveCfg = Final|Win32
		{6C66881C-D2CF-40C7-9A24-73D291253774}.Final|x86.Build.0 = Final|Win32
		{6C66881C-D2CF-40C7-9A24-73D291253774}.Release|Win32.ActiveCfg = Release|Win32
		{6C66881C-D2CF-40C7-9A24-73D291253774}.Release|Win32.Build.0 = Release|Win32
		{6C66881C-D2CF-40C7-9A24-73D291253774}.Release|x64.ActiveCfg = Release|x64
		{6C66881C-D2CF-40C7-9A24-73D291253774}.Release|x64.Build.0 = Release|x64
		{6C66881C-D2CF-40C7-9A24-73D291253774}.Release|x86.ActiveCfg = Release|Win32
		{6C66881C-D2CF-40C7-9A24-73D291253774}.Release|x86.Build.0 = Release|Win32
		{6C66881C-D2CF-40C7-9A24-73D291253774}.x64|Win32.ActiveCfg = x64|Win32
		{6C66881C-D2CF-40C7-9A24-73D291253774}.x64|Win32.Build.0 = x64|Win32
		{6C66881C-D2CF-40C7-9A24-73D291253774}.x64|x64.ActiveCfg = x64|x64
		{6C66881C-D2CF-40C7-9A24-73D291253774}.x64|x64.Build.0 = x64|x64
		{6C66881C-D2CF-40C7-9A24-73D291253774}.x64|x86.ActiveCfg = x64|Win32
		{6C66881C-D2CF-40C7-9A24-73D291253774}.x64|x86.Build.0 = x64|Win32
		{44E9D7F2-D01E-4D47-ACE3-57DC57B32529}.Debug DLL|Win32.ActiveCfg = Debug
		{44E9D7F2-D01E-4D47-ACE3-57DC57B32529}.Debug DLL|x64.ActiveCfg = Debug
		{44E9D7F2-D01E-4D47-ACE3-57DC57B32529}.Debug DLL|x86.ActiveCfg = Debug
		{44E9D7F2-D01E-4D47-ACE3-57DC57B32529}.Debug|Win32.ActiveCfg = Debug
		{44E9D7F2-D01E-4D47-ACE3-57DC57B32529}.Debug|x64.ActiveCfg = Debug
		{44E9D7F2-D01E-4D47-ACE3-57DC57B32529}.Debug|x86.ActiveCfg = Debug
		{44E9D7F2-D01E-4D47-ACE3-57DC57B32529}.Final|Win32.ActiveCfg = Release
		{44E9D7F2-D01E-4D47-ACE3-57DC57B32529}.Final|Win32.Build.0 = Release
		{44E9D7F2-D01E-4D47-ACE3-57DC57B32529}.Final|x64.ActiveCfg = Release
		{44E9D7F2-D01E-4D47-ACE3-57DC57B32529}.Final|x86.ActiveCfg = Release
		{44E9D7F2-D01E-4D47-ACE3-57DC57B32529}.Release|Win32.ActiveCfg = Release
		{44E9D7F2-D01E-4D47-ACE3-57DC57B32529}.Release|x64.ActiveCfg = Release
		{44E9D7F2-D01E-4D47-ACE3-57DC57B32529}.Release|x86.ActiveCfg = Release
		{44E9D7F2-D01E-4D47-ACE3-57DC57B32529}.x64|Win32.ActiveCfg = Release
		{44E9D7F2-D01E-4D47-ACE3-57DC57B32529}.x64|x64.ActiveCfg = Release
		{44E9D7F2-D01E-4D47-ACE3-57DC57B32529}.x64|x86.ActiveCfg = Release
		{8D4343E5-A182-4CB1-A2C4-8034C96688E3}.Debug DLL|Win32.ActiveCfg = Debug DLL|Win32
		{8D4343E5-A182-4CB1-A2C4-8034C96688E3}.Debug DLL|Win32.Build.0 = Debug DLL|Win32
		{8D4343E5-A182-4CB1-A2C4-8034C96688E3}.Debug DLL|x64.ActiveCfg = Debug DLL|x64
		{8D4343E5-A182-4CB1-A2C4-8034C96688E3}.Debug DLL|x64.Build.0 = Debug DLL|x64
		{8D4343E5-A182-4CB1-A2C4-8034C96688E3}.Debug DLL|x86.ActiveCfg = Debug DLL|Win32
		{8D4343E5-A182-4CB1-A2C4-8034C96688E3}.Debug DLL|x86.Build.0 = Debug DLL|Win32
		{8D4343E5-A182-4CB1-A2C4-8034C96688E3}.Debug|Win32.ActiveCfg = Debug|Win32
		{8D4343E5-A182-4CB1-A2C4-8034C96688E3}.Debug|Win32.Build.0 = Debug|Win32
		{8D4343E5-A182-4CB1-A2C4-8034C96688E3}.Debug|x64.ActiveCfg = Debug|x64
		{8D4343E5-A182-4CB1-A2C4-8034C96688E3}.Debug|x64.Build.0 = Debug|x64
		{8D4343E5-A182-4CB1-A2C4-8034C96688E3}.Debug|x86.ActiveCfg = Debug|Win32
		{8D4343E5-A182-4CB1-A2C4-8034C96688E3}.Debug|x86.Build.0 = Debug|Win32
		{8D4343E5-A182-4CB1-A2C4-8034C96688E3}.Final|Win32.ActiveCfg = Release|Win32
		{8D4343E5-A182-4CB1-A2C4-8034C96688E3}.Final|Win32.Build.0 = Release|Win32
		{8D4343E5-A182-4CB1-A2C4-8034C96688E3}.Final|x64.ActiveCfg = Debug DLL|x64
		{8D4343E5-A182-4CB1-A2C4-8034C96688E3}.Final|x64.Build.0 = Debug DLL|x64
		{8D4343E5-A182-4CB1-A2C4-8034C96688E3}.Final|x86.ActiveCfg = Debug DLL|Win32
		{8D4343E5-A182-4CB1-A2C4-8034C96688E3}.Final|x86.Build.0 = Debug DLL|Win32
		{8D4343E5-A182-4CB1-A2C4-8034C96688E3}.Release|Win32.ActiveCfg = Release|Win32
		{8D4343E5-A182-4CB1-A2C4-8034C96688E3}.Release|Win32.Build.0 = Release|Win32
		{8D4343E5-A182-4CB1-A2C4-8034C96688E3}.Release|x64.ActiveCfg = Release|x64
		{8D4343E5-A182-4CB1-A2C4-8034C96688E3}.Release|x64.Build.0 = Release|x64
		{8D4343E5-A182-4CB1-A2C4-8034C96688E3}.Release|x86.ActiveCfg = Release|Win32
		{8D4343E5-A182-4CB1-A2C4-8034C96688E3}.Release|x86.Build.0 = Release|Win32
		{8D4343E5-A182-4CB1-A2C4-8034C96688E3}.x64|Win32.ActiveCfg = x64|Win32
		{8D4343E5-A182-4CB1-A2C4-8034C96688E3}.x64|Win32.Build.0 = x64|Win32
		{8D4343E5-A182-4CB1-A2C4-8034C96688E3}.x64|x64.ActiveCfg = x64|x64
		{8D4343E5-A182-4CB1-A2C4-8034C96688E3}.x64|x64.Build.0 = x64|x64
		{8D4343E5-A182-4CB1-A2C4-8034C96688E3}.x64|x86.ActiveCfg = x64|Win32
		{8D4343E5-A182-4CB1-A2C4-8034C96688E3}.x64|x86.Build.0 = x64|Win32
		{D344342B-D1D2-4F92-B021-7B902E07811C}.Debug DLL|Win32.ActiveCfg = Debug DLL|Win32
		{D344342B-D1D2-4F92-B021-7B902E07811C}.Debug DLL|Win32.Build.0 = Debug DLL|Win32
		{D344342B-D1D2-4F92-B021-7B902E07811C}.Debug DLL|x64.ActiveCfg = Debug DLL|x64
		{D344342B-D1D2-4F92-B021-7B902E07811C}.Debug DLL|x64.Build.0 = Debug DLL|x64
		{D344342B-D1D2-4F92-B021-7B902E07811C}.Debug DLL|x86.ActiveCfg = Debug DLL|Win32
		{D344342B-D1D2-4F92-B021-7B902E07811C}.Debug DLL|x86.Build.0 = Debug DLL|Win32
		{D344342B-D1D2-4F92-B021-7B902E07811C}.Debug|Win32.ActiveCfg = Debug|Win32
		{D344342B-D1D2-4F92-B021-7B902E07811C}.Debug|Win32.Build.0 = Debug|Win32
		{D344342B-D1D2-4F92-B021-7B902E07811C}.Debug|x64.ActiveCfg = Debug|x64
		{D344342B-D1D2-4F92-B021-7B902E07811C}.Debug|x64.Build.0 = Debug|x64
		{D344342B-D1D2-4F92-B021-7B902E07811C}.Debug|x86.ActiveCfg = Debug|Win32
		{D344342B-D1D2-4F92-B021-7B902E07811C}.Debug|x86.Build.0 = Debug|Win32
		{D344342B-D1D2-4F92-B021-7B902E07811C}.Final|Win32.ActiveCfg = Release|Win32
		{D344342B-D1D2-4F92-B021-7B902E07811C}.Final|Win32.Build.0 = Release|Win32
		{D344342B-D1D2-4F92-B021-7B902E07811C}.Final|x64.ActiveCfg = Debug DLL|x64
		{D344342B-D1D2-4F92-B021-7B902E07811C}.Final|x64.Build.0 = Debug DLL|x64
		{D344342B-D1D2-4F92-B021-7B902E07811C}.Final|x86.ActiveCfg = Debug DLL|Win32
		{D344342B-D1D2-4F92-B021-7B902E07811C}.Final|x86.Build.0 = Debug DLL|Win32
		{D344342B-D1D2-4F92-B021-7B902E07811C}.Release|Win32.ActiveCfg = Release|Win32
		{D344342B-D1D2-4F92-B021-7B902E07811C}.Release|Win32.Build.0 = Release|Win32
		{D344342B-D1D2-4F92-B021-7B902E07811C}.Release|x64.ActiveCfg = Release|x64
		{D344342B-D1D2-4F92-B021-7B902E07811C}.Release|x64.Build.0 = Release|x64
		{D344342B-D1D2-4F92-B021-7B902E07811C}.Release|x86.ActiveCfg = Release|Win32
		{D344342B-D1D2-4F92-B021-7B902E07811C}.Release|x86.Build.0 = Release|Win32
		{D344342B-D1D2-4F92-B021-7B902E07811C}.x64|Win32.ActiveCfg = x64|Win32
		{D344342B-D1D2-4F92-B021-7B902E07811C}.x64|Win32.Build.0 = x64|Win32
		{D344342B-D1D2-4F92-B021-7B902E07811C}.x64|x64.ActiveCfg = x64|x64
		{D344342B-D1D2-4F92-B021-7B902E07811C}.x64|x64.Build.0 = x64|x64
		{D344342B-D1D2-4F92-B021-7B902E07811C}.x64|x86.ActiveCfg = x64|Win32
		{D344342B-D1D2-4F92-B021-7B902E07811C}.x64|x86.Build.0 = x64|Win32
	EndGlobalSection
	GlobalSection(SolutionProperties) = preSolution
		HideSolutionNode = FALSE
	EndGlobalSection
	GlobalSection(ExtensibilityGlobals) = postSolution
		SolutionGuid = {A68F234F-6E5F-4BAE-8CA5-52CFC6A81F9B}
	EndGlobalSection
EndGlobal
